
Microsoft Visual Studio Solution File, Format Version 12.00
# Visual Studio Version 16
VisualStudioVersion = 16.0.31605.320
MinimumVisualStudioVersion = 10.0.40219.1
Project("{FAE04EC0-301F-11D3-BF4B-00C04F79EFBC}") = "PETCARE_Csharp", "PETCARE_Csharp\PETCARE_Csharp.csproj", "{D9BCE935-E0A5-4A7E-93D2-D07157626537}"
EndProject
Project("{2150E333-8FDC-42A3-9474-1A3956D46DE8}") = "Solution Items", "Solution Items", "{5B7FACA5-291A-4F3B-8630-69DB50E03AE9}"
EndProject
Global
	GlobalSection(SolutionConfigurationPlatforms) = preSolution
		Debug|Any CPU = Debug|Any CPU
		Release|Any CPU = Release|Any CPU
	EndGlobalSection
	GlobalSection(ProjectConfigurationPlatforms) = postSolution
		{D9BCE935-E0A5-4A7E-93D2-D07157626537}.Debug|Any CPU.ActiveCfg = Debug|Any CPU
		{D9BCE935-E0A5-4A7E-93D2-D07157626537}.Debug|Any CPU.Build.0 = Debug|Any CPU
		{D9BCE935-E0A5-4A7E-93D2-D07157626537}.Release|Any CPU.ActiveCfg = Release|Any CPU
		{D9BCE935-E0A5-4A7E-93D2-D07157626537}.Release|Any CPU.Build.0 = Release|Any CPU
	EndGlobalSection
	GlobalSection(SolutionProperties) = preSolution
		HideSolutionNode = FALSE
	EndGlobalSection
	GlobalSection(ExtensibilityGlobals) = postSolution
		SolutionGuid = {7276812F-9EC5-4B6F-8007-4BB9EB341495}
	EndGlobalSection
EndGlobal
